
Microsoft Visual Studio Solution File, Format Version 12.00
# Visual Studio Version 16
VisualStudioVersion = 16.0.31129.286
MinimumVisualStudioVersion = 10.0.40219.1
Project("{FAE04EC0-301F-11D3-BF4B-00C04F79EFBC}") = "Net5DemoWebApi", "Net5DemoWebApi\Net5DemoWebApi.csproj", "{896E508E-CF3B-4B9A-959F-567DD5FDFF9C}"
EndProject
Global
	GlobalSection(SolutionConfigurationPlatforms) = preSolution
		Debug|Any CPU = Debug|Any CPU
		Release|Any CPU = Release|Any CPU
	EndGlobalSection
	GlobalSection(ProjectConfigurationPlatforms) = postSolution
		{896E508E-CF3B-4B9A-959F-567DD5FDFF9C}.Debug|Any CPU.ActiveCfg = Debug|Any CPU
		{896E508E-CF3B-4B9A-959F-567DD5FDFF9C}.Debug|Any CPU.Build.0 = Debug|Any CPU
		{896E508E-CF3B-4B9A-959F-567DD5FDFF9C}.Release|Any CPU.ActiveCfg = Release|Any CPU
		{896E508E-CF3B-4B9A-959F-567DD5FDFF9C}.Release|Any CPU.Build.0 = Release|Any CPU
	EndGlobalSection
	GlobalSection(SolutionProperties) = preSolution
		HideSolutionNode = FALSE
	EndGlobalSection
	GlobalSection(ExtensibilityGlobals) = postSolution
		SolutionGuid = {EA9AFC04-07B2-4FC0-89C5-B24978FED658}
	EndGlobalSection
EndGlobal
